
Microsoft Visual Studio Solution File, Format Version 12.00
# Visual Studio Version 16
VisualStudioVersion = 16.0.29728.190
MinimumVisualStudioVersion = 10.0.40219.1
Project("{FAE04EC0-301F-11D3-BF4B-00C04F79EFBC}") = "MyPortfolioSite", "MyPortfolioSite\MyPortfolioSite.csproj", "{A556F126-04DC-4593-A619-827519DBCCDE}"
EndProject
Global
	GlobalSection(SolutionConfigurationPlatforms) = preSolution
		Debug|Any CPU = Debug|Any CPU
		Release|Any CPU = Release|Any CPU
	EndGlobalSection
	GlobalSection(ProjectConfigurationPlatforms) = postSolution
		{A556F126-04DC-4593-A619-827519DBCCDE}.Debug|Any CPU.ActiveCfg = Debug|Any CPU
		{A556F126-04DC-4593-A619-827519DBCCDE}.Debug|Any CPU.Build.0 = Debug|Any CPU
		{A556F126-04DC-4593-A619-827519DBCCDE}.Release|Any CPU.ActiveCfg = Release|Any CPU
		{A556F126-04DC-4593-A619-827519DBCCDE}.Release|Any CPU.Build.0 = Release|Any CPU
	EndGlobalSection
	GlobalSection(SolutionProperties) = preSolution
		HideSolutionNode = FALSE
	EndGlobalSection
	GlobalSection(ExtensibilityGlobals) = postSolution
		SolutionGuid = {1A1050A8-64AF-431E-B9CC-EA1A0BD62558}
	EndGlobalSection
EndGlobal
